
Microsoft Visual Studio Solution File, Format Version 12.00
# Visual Studio Version 16
VisualStudioVersion = 16.0.30406.217
MinimumVisualStudioVersion = 10.0.40219.1
Project("{FAE04EC0-301F-11D3-BF4B-00C04F79EFBC}") = "Tbp_projekt", "Tbp_projekt.csproj", "{D73FDE27-E289-40E6-8744-8BCF5B0C322C}"
EndProject
Global
	GlobalSection(SolutionConfigurationPlatforms) = preSolution
		Debug|Any CPU = Debug|Any CPU
		Release|Any CPU = Release|Any CPU
	EndGlobalSection
	GlobalSection(ProjectConfigurationPlatforms) = postSolution
		{D73FDE27-E289-40E6-8744-8BCF5B0C322C}.Debug|Any CPU.ActiveCfg = Debug|Any CPU
		{D73FDE27-E289-40E6-8744-8BCF5B0C322C}.Debug|Any CPU.Build.0 = Debug|Any CPU
		{D73FDE27-E289-40E6-8744-8BCF5B0C322C}.Release|Any CPU.ActiveCfg = Release|Any CPU
		{D73FDE27-E289-40E6-8744-8BCF5B0C322C}.Release|Any CPU.Build.0 = Release|Any CPU
	EndGlobalSection
	GlobalSection(SolutionProperties) = preSolution
		HideSolutionNode = FALSE
	EndGlobalSection
	GlobalSection(ExtensibilityGlobals) = postSolution
		SolutionGuid = {FFC027EA-4F39-432C-A179-55504CD6960C}
	EndGlobalSection
EndGlobal
